
Microsoft Visual Studio Solution File, Format Version 12.00
# Visual Studio 15
VisualStudioVersion = 15.0.27703.2035
MinimumVisualStudioVersion = 10.0.40219.1
Project("{FAE04EC0-301F-11D3-BF4B-00C04F79EFBC}") = "Projeto Calendario de Vacinacao", "Projeto Calendario de Vacinacao\Projeto Calendario de Vacinacao.csproj", "{A455CD77-C8A3-488F-881D-3F8CC73FCC02}"
EndProject
Global
	GlobalSection(SolutionConfigurationPlatforms) = preSolution
		Debug|Any CPU = Debug|Any CPU
		Release|Any CPU = Release|Any CPU
	EndGlobalSection
	GlobalSection(ProjectConfigurationPlatforms) = postSolution
		{A455CD77-C8A3-488F-881D-3F8CC73FCC02}.Debug|Any CPU.ActiveCfg = Debug|Any CPU
		{A455CD77-C8A3-488F-881D-3F8CC73FCC02}.Debug|Any CPU.Build.0 = Debug|Any CPU
		{A455CD77-C8A3-488F-881D-3F8CC73FCC02}.Release|Any CPU.ActiveCfg = Release|Any CPU
		{A455CD77-C8A3-488F-881D-3F8CC73FCC02}.Release|Any CPU.Build.0 = Release|Any CPU
	EndGlobalSection
	GlobalSection(SolutionProperties) = preSolution
		HideSolutionNode = FALSE
	EndGlobalSection
	GlobalSection(ExtensibilityGlobals) = postSolution
		SolutionGuid = {4FEF9F65-2EB3-4456-BD35-FDF161BF4A70}
	EndGlobalSection
EndGlobal
